PODS:
  - Bolts (1.8.4):
    - Bolts/AppLinks (= 1.8.4)
    - Bolts/Tasks (= 1.8.4)
  - Bolts/AppLinks (1.8.4):
    - Bolts/Tasks
  - Bolts/Tasks (1.8.4)
  - Charts (3.0.2):
    - Charts/Core (= 3.0.2)
  - Charts/Core (3.0.2)
  - Crashlytics (3.8.4):
    - Fabric (~> 1.6.3)
  - CVCalendar (1.5.0)
  - Fabric (1.6.11)
  - FacebookCore (0.2.0):
    - Bolts (~> 1.8)
    - FBSDKCoreKit (~> 4.15)
  - FacebookLogin (0.2.0):
    - Bolts (~> 1.8)
    - FacebookCore (~> 0.2)
    - FBSDKCoreKit (~> 4.15)
    - FBSDKLoginKit (~> 4.15)
  - FBSDKCoreKit (4.20.2):
    - Bolts (~> 1.7)
  - FBSDKLoginKit (4.20.2):
    - FBSDKCoreKit
  - Material (2.6.2):
    - Material/Core (= 2.6.2)
  - Material/Core (2.6.2)
  - Parse (1.14.2):
    - Bolts/Tasks (~> 1.8)
  - ParseFacebookUtilsV4 (1.11.1):
    - Bolts/Tasks (>= 1.6)
    - FBSDKCoreKit (~> 4.10)
    - FBSDKLoginKit (~> 4.10)
    - FBSDKTVOSKit (~> 4.10)
    - Parse (~> 1.12)

DEPENDENCIES:
  - Charts
  - Crashlytics
  - CVCalendar (~> 1.5)
  - Fabric
  - FacebookCore
  - FacebookLogin
  - Material (~> 2.6)
  - Parse
  - ParseFacebookUtilsV4

SPEC CHECKSUMS:
  Bolts: 8a7995239dbe724f9cba2248b766d48b7ebdd322
  Charts: 236d6ccdd0ce6feae151d89e829a7397381a21fd
  Crashlytics: 79e236942ca1e7fc641df1feb9a275360a78ab6a
  CVCalendar: 5d51a7bda1b9439b612de69d86a91a73befa1936
  Fabric: 5911403591946b8228ab1c51d98f1d7137e863c6
  FacebookCore: 2cb3f0fbff218e9d3119cec84bae983b232412de
  FacebookLogin: c9d606504735780a9e3002465a615512e0a691a5
  FBSDKCoreKit: 82eac696eb6157da5f4266c3a241f00e9bd72471
  FBSDKLoginKit: 2211bede07c83391349eacc1fd86cf6d9289ce38
  Material: d602e144b303de8de88456caed3d5771f2b1adc0
  Parse: 4335d65f40cb3d43190d723144bbe1afb9c38230
  ParseFacebookUtilsV4: 2f30c2b7021c8005d3042781da7ef87d06589421

PODFILE CHECKSUM: 65ed3f7183019b65141179dc5e5cd8bfd723dd9e

COCOAPODS: 1.2.0
