// !$*UTF8*$!
{
	archiveVersion = 1;
	classes = {
	};
	objectVersion = 46;
	objects = {

/* Begin PBXBuildFile section */
		E76A304804B587F287DDA709 /* Pods_MileageTracker.framework in Frameworks */ = {isa = PBXBuildFile; fileRef = A2AC58BC23DC2F03BD12774C /* Pods_MileageTracker.framework */; };
		FA0E026B1E978D4100526012 /* Beacon.swift in Sources */ = {isa = PBXBuildFile; fileRef = FA0E026A1E978D4000526012 /* Beacon.swift */; };
		FA0E026D1E97D35A00526012 /* CalendarViewController.swift in Sources */ = {isa = PBXBuildFile; fileRef = FA0E026C1E97D35A00526012 /* CalendarViewController.swift */; };
		FA0E026F1E97E57400526012 /* CustomIconColorButton.swift in Sources */ = {isa = PBXBuildFile; fileRef = FA0E026E1E97E57400526012 /* CustomIconColorButton.swift */; };
		FA0E02731E9BD79000526012 /* ProfileViewController.swift in Sources */ = {isa = PBXBuildFile; fileRef = FA0E02721E9BD79000526012 /* ProfileViewController.swift */; };
		FA190A7E1EA7683B009B32A8 /* TripTableViewCell.swift in Sources */ = {isa = PBXBuildFile; fileRef = FA190A7D1EA7683B009B32A8 /* TripTableViewCell.swift */; };
		FA5CBB121E92948F00A952B8 /* FormViewController.swift in Sources */ = {isa = PBXBuildFile; fileRef = FA5CBB111E92948F00A952B8 /* FormViewController.swift */; };
		FA5CBB141E9385F400A952B8 /* RoundImageView.swift in Sources */ = {isa = PBXBuildFile; fileRef = FA5CBB131E9385F300A952B8 /* RoundImageView.swift */; };
		FA5CBB161E93921F00A952B8 /* Extensions.swift in Sources */ = {isa = PBXBuildFile; fileRef = FA5CBB151E93921F00A952B8 /* Extensions.swift */; };
		FA5CBB181E93935300A952B8 /* LoginViewController.swift in Sources */ = {isa = PBXBuildFile; fileRef = FA5CBB171E93935300A952B8 /* LoginViewController.swift */; };
		FA5CBB1A1E93A17E00A952B8 /* MyColors.swift in Sources */ = {isa = PBXBuildFile; fileRef = FA5CBB191E93A17E00A952B8 /* MyColors.swift */; };
		FA5CBB1C1E93AE2700A952B8 /* CustomView.swift in Sources */ = {isa = PBXBuildFile; fileRef = FA5CBB1B1E93AE2700A952B8 /* CustomView.swift */; };
		FA5CBB1E1E93BD4C00A952B8 /* ForgotPassswordController.swift in Sources */ = {isa = PBXBuildFile; fileRef = FA5CBB1D1E93BD4B00A952B8 /* ForgotPassswordController.swift */; };
		FA5CC59A1DFFEAE90058F640 /* CoreLocation.framework in Frameworks */ = {isa = PBXBuildFile; fileRef = FA5CC5991DFFEAE90058F640 /* CoreLocation.framework */; };
		FA5CC59C1DFFEAF00058F640 /* CoreBluetooth.framework in Frameworks */ = {isa = PBXBuildFile; fileRef = FA5CC59B1DFFEAF00058F640 /* CoreBluetooth.framework */; };
		FA81732F1EAE131D00894338 /* Pin.swift in Sources */ = {isa = PBXBuildFile; fileRef = FA81732E1EAE131D00894338 /* Pin.swift */; };
		FA8173311EAE19FC00894338 /* TripDetailsViewController.swift in Sources */ = {isa = PBXBuildFile; fileRef = FA8173301EAE19FC00894338 /* TripDetailsViewController.swift */; };
		FA9252CA1ED59F7D009FDAD9 /* raport.html in Resources */ = {isa = PBXBuildFile; fileRef = FA9252C81ED59F7D009FDAD9 /* raport.html */; };
		FA9252CB1ED59F7D009FDAD9 /* single_item.html in Resources */ = {isa = PBXBuildFile; fileRef = FA9252C91ED59F7D009FDAD9 /* single_item.html */; };
		FAC653AC1E9E23C90038E2B4 /* Trip.swift in Sources */ = {isa = PBXBuildFile; fileRef = FAC653AB1E9E23C90038E2B4 /* Trip.swift */; };
		FAC653AE1E9E23DD0038E2B4 /* Location.swift in Sources */ = {isa = PBXBuildFile; fileRef = FAC653AD1E9E23DD0038E2B4 /* Location.swift */; };
		FAC653B11EA644B60038E2B4 /* TripsListViewController.swift in Sources */ = {isa = PBXBuildFile; fileRef = FAC653B01EA644B50038E2B4 /* TripsListViewController.swift */; };
		FAC962381E9132F90059DE1E /* SignUpViewController.swift in Sources */ = {isa = PBXBuildFile; fileRef = FAC962371E9132F90059DE1E /* SignUpViewController.swift */; };
		FACC3AF01EC5F14E00C407B0 /* ReportPreviewViewController.swift in Sources */ = {isa = PBXBuildFile; fileRef = FACC3AEF1EC5F14E00C407B0 /* ReportPreviewViewController.swift */; };
		FAD28F9C1E716EDE0010E86D /* LocationManager.swift in Sources */ = {isa = PBXBuildFile; fileRef = FAD28F9B1E716EDE0010E86D /* LocationManager.swift */; };
		FAE331031DF00B7D00B96809 /* AppDelegate.swift in Sources */ = {isa = PBXBuildFile; fileRef = FAE331021DF00B7D00B96809 /* AppDelegate.swift */; };
		FAE331051DF00B7D00B96809 /* LocationViewController.swift in Sources */ = {isa = PBXBuildFile; fileRef = FAE331041DF00B7D00B96809 /* LocationViewController.swift */; };
		FAE331081DF00B7D00B96809 /* Main.storyboard in Resources */ = {isa = PBXBuildFile; fileRef = FAE331061DF00B7D00B96809 /* Main.storyboard */; };
		FAE3310A1DF00B7D00B96809 /* Assets.xcassets in Resources */ = {isa = PBXBuildFile; fileRef = FAE331091DF00B7D00B96809 /* Assets.xcassets */; };
		FAE3310D1DF00B7D00B96809 /* LaunchScreen.storyboard in Resources */ = {isa = PBXBuildFile; fileRef = FAE3310B1DF00B7D00B96809 /* LaunchScreen.storyboard */; };
		FAE38F531EC5F3B4003E531A /* ReportComposer.swift in Sources */ = {isa = PBXBuildFile; fileRef = FAE38F521EC5F3B4003E531A /* ReportComposer.swift */; };
		FAE38F551EC5F3CC003E531A /* CustomPrintPageRenderer.swift in Sources */ = {isa = PBXBuildFile; fileRef = FAE38F541EC5F3CC003E531A /* CustomPrintPageRenderer.swift */; };
		FAE6338B1E80325500C3D424 /* Utils.swift in Sources */ = {isa = PBXBuildFile; fileRef = FAE6338A1E80325500C3D424 /* Utils.swift */; };
		FAE95A971EAF66FA0016FECE /* EditOrAddBeaconViewController.swift in Sources */ = {isa = PBXBuildFile; fileRef = FAE95A961EAF66F90016FECE /* EditOrAddBeaconViewController.swift */; };
		FAF2668F1EC44D03005D3D64 /* ChartViewController.swift in Sources */ = {isa = PBXBuildFile; fileRef = FAF2668E1EC44D03005D3D64 /* ChartViewController.swift */; };
		FAF266911EC4AA8C005D3D64 /* CustomColorIcon.swift in Sources */ = {isa = PBXBuildFile; fileRef = FAF266901EC4AA8C005D3D64 /* CustomColorIcon.swift */; };
		FAF266931EC4AC68005D3D64 /* ReportCarsViewController.swift in Sources */ = {isa = PBXBuildFile; fileRef = FAF266921EC4AC68005D3D64 /* ReportCarsViewController.swift */; };
		FAF266951EC4B735005D3D64 /* CarTableViewCell.swift in Sources */ = {isa = PBXBuildFile; fileRef = FAF266941EC4B735005D3D64 /* CarTableViewCell.swift */; };
		FAF266971EC5A4C5005D3D64 /* MonthsViewController.swift in Sources */ = {isa = PBXBuildFile; fileRef = FAF266961EC5A4C5005D3D64 /* MonthsViewController.swift */; };
		FAF991961E95204B004B17DF /* libsqlite3.tbd in Frameworks */ = {isa = PBXBuildFile; fileRef = FAF991951E95204B004B17DF /* libsqlite3.tbd */; };
		FAF9919E1E964115004B17DF /* AddBeaconViewController.swift in Sources */ = {isa = PBXBuildFile; fileRef = FAF9919D1E964115004B17DF /* AddBeaconViewController.swift */; };
/* End PBXBuildFile section */

/* Begin PBXFileReference section */
		63BF0C382AF7A05861904F84 /* Pods-MileageTracker.release.xcconfig */ = {isa = PBXFileReference; includeInIndex = 1; lastKnownFileType = text.xcconfig; name = "Pods-MileageTracker.release.xcconfig"; path = "Pods/Target Support Files/Pods-MileageTracker/Pods-MileageTracker.release.xcconfig"; sourceTree = "<group>"; };
		6FCDC874464D3CFB74488F69 /* Pods-MileageTracker.debug.xcconfig */ = {isa = PBXFileReference; includeInIndex = 1; lastKnownFileType = text.xcconfig; name = "Pods-MileageTracker.debug.xcconfig"; path = "Pods/Target Support Files/Pods-MileageTracker/Pods-MileageTracker.debug.xcconfig"; sourceTree = "<group>"; };
		A2AC58BC23DC2F03BD12774C /* Pods_MileageTracker.framework */ = {isa = PBXFileReference; explicitFileType = wrapper.framework; includeInIndex = 0; path = Pods_MileageTracker.framework; sourceTree = BUILT_PRODUCTS_DIR; };
		FA0E026A1E978D4000526012 /* Beacon.swift */ = {isa = PBXFileReference; fileEncoding = 4; lastKnownFileType = sourcecode.swift; path = Beacon.swift; sourceTree = "<group>"; };
		FA0E026C1E97D35A00526012 /* CalendarViewController.swift */ = {isa = PBXFileReference; fileEncoding = 4; lastKnownFileType = sourcecode.swift; path = CalendarViewController.swift; sourceTree = "<group>"; };
		FA0E026E1E97E57400526012 /* CustomIconColorButton.swift */ = {isa = PBXFileReference; fileEncoding = 4; lastKnownFileType = sourcecode.swift; path = CustomIconColorButton.swift; sourceTree = "<group>"; };
		FA0E02721E9BD79000526012 /* ProfileViewController.swift */ = {isa = PBXFileReference; fileEncoding = 4; lastKnownFileType = sourcecode.swift; path = ProfileViewController.swift; sourceTree = "<group>"; };
		FA190A7D1EA7683B009B32A8 /* TripTableViewCell.swift */ = {isa = PBXFileReference; fileEncoding = 4; lastKnownFileType = sourcecode.swift; path = TripTableViewCell.swift; sourceTree = "<group>"; };
		FA5CBB111E92948F00A952B8 /* FormViewController.swift */ = {isa = PBXFileReference; fileEncoding = 4; lastKnownFileType = sourcecode.swift; path = FormViewController.swift; sourceTree = "<group>"; };
		FA5CBB131E9385F300A952B8 /* RoundImageView.swift */ = {isa = PBXFileReference; fileEncoding = 4; lastKnownFileType = sourcecode.swift; path = RoundImageView.swift; sourceTree = "<group>"; };
		FA5CBB151E93921F00A952B8 /* Extensions.swift */ = {isa = PBXFileReference; fileEncoding = 4; lastKnownFileType = sourcecode.swift; path = Extensions.swift; sourceTree = "<group>"; };
		FA5CBB171E93935300A952B8 /* LoginViewController.swift */ = {isa = PBXFileReference; fileEncoding = 4; lastKnownFileType = sourcecode.swift; path = LoginViewController.swift; sourceTree = "<group>"; };
		FA5CBB191E93A17E00A952B8 /* MyColors.swift */ = {isa = PBXFileReference; fileEncoding = 4; lastKnownFileType = sourcecode.swift; path = MyColors.swift; sourceTree = "<group>"; };
		FA5CBB1B1E93AE2700A952B8 /* CustomView.swift */ = {isa = PBXFileReference; fileEncoding = 4; lastKnownFileType = sourcecode.swift; path = CustomView.swift; sourceTree = "<group>"; };
		FA5CBB1D1E93BD4B00A952B8 /* ForgotPassswordController.swift */ = {isa = PBXFileReference; fileEncoding = 4; lastKnownFileType = sourcecode.swift; path = ForgotPassswordController.swift; sourceTree = "<group>"; };
		FA5CC5991DFFEAE90058F640 /* CoreLocation.framework */ = {isa = PBXFileReference; lastKnownFileType = wrapper.framework; name = CoreLocation.framework; path = System/Library/Frameworks/CoreLocation.framework; sourceTree = SDKROOT; };
		FA5CC59B1DFFEAF00058F640 /* CoreBluetooth.framework */ = {isa = PBXFileReference; lastKnownFileType = wrapper.framework; name = CoreBluetooth.framework; path = System/Library/Frameworks/CoreBluetooth.framework; sourceTree = SDKROOT; };
		FA81732E1EAE131D00894338 /* Pin.swift */ = {isa = PBXFileReference; fileEncoding = 4; lastKnownFileType = sourcecode.swift; path = Pin.swift; sourceTree = "<group>"; };
		FA8173301EAE19FC00894338 /* TripDetailsViewController.swift */ = {isa = PBXFileReference; fileEncoding = 4; lastKnownFileType = sourcecode.swift; path = TripDetailsViewController.swift; sourceTree = "<group>"; };
		FA9252C81ED59F7D009FDAD9 /* raport.html */ = {isa = PBXFileReference; fileEncoding = 4; lastKnownFileType = text.html; path = raport.html; sourceTree = "<group>"; };
		FA9252C91ED59F7D009FDAD9 /* single_item.html */ = {isa = PBXFileReference; fileEncoding = 4; lastKnownFileType = text.html; path = single_item.html; sourceTree = "<group>"; };
		FAC653AB1E9E23C90038E2B4 /* Trip.swift */ = {isa = PBXFileReference; fileEncoding = 4; lastKnownFileType = sourcecode.swift; path = Trip.swift; sourceTree = "<group>"; };
		FAC653AD1E9E23DD0038E2B4 /* Location.swift */ = {isa = PBXFileReference; fileEncoding = 4; lastKnownFileType = sourcecode.swift; path = Location.swift; sourceTree = "<group>"; };
		FAC653B01EA644B50038E2B4 /* TripsListViewController.swift */ = {isa = PBXFileReference; fileEncoding = 4; lastKnownFileType = sourcecode.swift; path = TripsListViewController.swift; sourceTree = "<group>"; };
		FAC962371E9132F90059DE1E /* SignUpViewController.swift */ = {isa = PBXFileReference; fileEncoding = 4; lastKnownFileType = sourcecode.swift; path = SignUpViewController.swift; sourceTree = "<group>"; };
		FACC3AEF1EC5F14E00C407B0 /* ReportPreviewViewController.swift */ = {isa = PBXFileReference; fileEncoding = 4; lastKnownFileType = sourcecode.swift; path = ReportPreviewViewController.swift; sourceTree = "<group>"; };
		FAD28F9B1E716EDE0010E86D /* LocationManager.swift */ = {isa = PBXFileReference; fileEncoding = 4; lastKnownFileType = sourcecode.swift; path = LocationManager.swift; sourceTree = "<group>"; };
		FAE330FF1DF00B7D00B96809 /* MileageTracker.app */ = {isa = PBXFileReference; explicitFileType = wrapper.application; includeInIndex = 0; path = MileageTracker.app; sourceTree = BUILT_PRODUCTS_DIR; };
		FAE331021DF00B7D00B96809 /* AppDelegate.swift */ = {isa = PBXFileReference; lastKnownFileType = sourcecode.swift; path = AppDelegate.swift; sourceTree = "<group>"; };
		FAE331041DF00B7D00B96809 /* LocationViewController.swift */ = {isa = PBXFileReference; lastKnownFileType = sourcecode.swift; path = LocationViewController.swift; sourceTree = "<group>"; };
		FAE331071DF00B7D00B96809 /* Base */ = {isa = PBXFileReference; lastKnownFileType = file.storyboard; name = Base; path = Base.lproj/Main.storyboard; sourceTree = "<group>"; };
		FAE331091DF00B7D00B96809 /* Assets.xcassets */ = {isa = PBXFileReference; lastKnownFileType = folder.assetcatalog; path = Assets.xcassets; sourceTree = "<group>"; };
		FAE3310C1DF00B7D00B96809 /* Base */ = {isa = PBXFileReference; lastKnownFileType = file.storyboard; name = Base; path = Base.lproj/LaunchScreen.storyboard; sourceTree = "<group>"; };
		FAE3310E1DF00B7D00B96809 /* Info.plist */ = {isa = PBXFileReference; lastKnownFileType = text.plist.xml; path = Info.plist; sourceTree = "<group>"; };
		FAE38F521EC5F3B4003E531A /* ReportComposer.swift */ = {isa = PBXFileReference; fileEncoding = 4; lastKnownFileType = sourcecode.swift; path = ReportComposer.swift; sourceTree = "<group>"; };
		FAE38F541EC5F3CC003E531A /* CustomPrintPageRenderer.swift */ = {isa = PBXFileReference; fileEncoding = 4; lastKnownFileType = sourcecode.swift; path = CustomPrintPageRenderer.swift; sourceTree = "<group>"; };
		FAE6338A1E80325500C3D424 /* Utils.swift */ = {isa = PBXFileReference; fileEncoding = 4; lastKnownFileType = sourcecode.swift; path = Utils.swift; sourceTree = "<group>"; };
		FAE95A961EAF66F90016FECE /* EditOrAddBeaconViewController.swift */ = {isa = PBXFileReference; fileEncoding = 4; lastKnownFileType = sourcecode.swift; path = EditOrAddBeaconViewController.swift; sourceTree = "<group>"; };
		FAF2668E1EC44D03005D3D64 /* ChartViewController.swift */ = {isa = PBXFileReference; fileEncoding = 4; lastKnownFileType = sourcecode.swift; path = ChartViewController.swift; sourceTree = "<group>"; };
		FAF266901EC4AA8C005D3D64 /* CustomColorIcon.swift */ = {isa = PBXFileReference; fileEncoding = 4; lastKnownFileType = sourcecode.swift; path = CustomColorIcon.swift; sourceTree = "<group>"; };
		FAF266921EC4AC68005D3D64 /* ReportCarsViewController.swift */ = {isa = PBXFileReference; fileEncoding = 4; lastKnownFileType = sourcecode.swift; path = ReportCarsViewController.swift; sourceTree = "<group>"; };
		FAF266941EC4B735005D3D64 /* CarTableViewCell.swift */ = {isa = PBXFileReference; fileEncoding = 4; lastKnownFileType = sourcecode.swift; path = CarTableViewCell.swift; sourceTree = "<group>"; };
		FAF266961EC5A4C5005D3D64 /* MonthsViewController.swift */ = {isa = PBXFileReference; fileEncoding = 4; lastKnownFileType = sourcecode.swift; path = MonthsViewController.swift; sourceTree = "<group>"; };
		FAF991951E95204B004B17DF /* libsqlite3.tbd */ = {isa = PBXFileReference; lastKnownFileType = "sourcecode.text-based-dylib-definition"; name = libsqlite3.tbd; path = usr/lib/libsqlite3.tbd; sourceTree = SDKROOT; };
		FAF9919D1E964115004B17DF /* AddBeaconViewController.swift */ = {isa = PBXFileReference; fileEncoding = 4; lastKnownFileType = sourcecode.swift; path = AddBeaconViewController.swift; sourceTree = "<group>"; };
		FAFE09431E705B6000C285FF /* MileageTracker.entitlements */ = {isa = PBXFileReference; lastKnownFileType = text.plist.entitlements; path = MileageTracker.entitlements; sourceTree = "<group>"; };
/* End PBXFileReference section */

/* Begin PBXFrameworksBuildPhase section */
		FAE330FC1DF00B7C00B96809 /* Frameworks */ = {
			isa = PBXFrameworksBuildPhase;
			buildActionMask = 2147483647;
			files = (
				FAF991961E95204B004B17DF /* libsqlite3.tbd in Frameworks */,
				FA5CC59C1DFFEAF00058F640 /* CoreBluetooth.framework in Frameworks */,
				FA5CC59A1DFFEAE90058F640 /* CoreLocation.framework in Frameworks */,
				E76A304804B587F287DDA709 /* Pods_MileageTracker.framework in Frameworks */,
			);
			runOnlyForDeploymentPostprocessing = 0;
		};
/* End PBXFrameworksBuildPhase section */

/* Begin PBXGroup section */
		80EEAB89AAE4013E2A020FBA /* Pods */ = {
			isa = PBXGroup;
			children = (
				6FCDC874464D3CFB74488F69 /* Pods-MileageTracker.debug.xcconfig */,
				63BF0C382AF7A05861904F84 /* Pods-MileageTracker.release.xcconfig */,
			);
			name = Pods;
			sourceTree = "<group>";
		};
		FA4CB9C01E93C73D00287AB5 /* ViewControllers */ = {
			isa = PBXGroup;
			children = (
				FAC653AF1E9E25EB0038E2B4 /* ParentViewControllers */,
				FA0E02721E9BD79000526012 /* ProfileViewController.swift */,
				FA0E026C1E97D35A00526012 /* CalendarViewController.swift */,
				FAE95A961EAF66F90016FECE /* EditOrAddBeaconViewController.swift */,
				FAE331041DF00B7D00B96809 /* LocationViewController.swift */,
				FA5CBB1D1E93BD4B00A952B8 /* ForgotPassswordController.swift */,
				FAC962371E9132F90059DE1E /* SignUpViewController.swift */,
				FA5CBB171E93935300A952B8 /* LoginViewController.swift */,
				FAF9919D1E964115004B17DF /* AddBeaconViewController.swift */,
				FAC653B01EA644B50038E2B4 /* TripsListViewController.swift */,
				FA8173301EAE19FC00894338 /* TripDetailsViewController.swift */,
				FAF2668E1EC44D03005D3D64 /* ChartViewController.swift */,
				FAF266921EC4AC68005D3D64 /* ReportCarsViewController.swift */,
				FAF266961EC5A4C5005D3D64 /* MonthsViewController.swift */,
				FACC3AEF1EC5F14E00C407B0 /* ReportPreviewViewController.swift */,
			);
			name = ViewControllers;
			sourceTree = "<group>";
		};
		FA5CC5981DFFEAE90058F640 /* Frameworks */ = {
			isa = PBXGroup;
			children = (
				FAF991951E95204B004B17DF /* libsqlite3.tbd */,
				FA5CC59B1DFFEAF00058F640 /* CoreBluetooth.framework */,
				FA5CC5991DFFEAE90058F640 /* CoreLocation.framework */,
				A2AC58BC23DC2F03BD12774C /* Pods_MileageTracker.framework */,
			);
			name = Frameworks;
			sourceTree = "<group>";
		};
		FA9252C71ED59F64009FDAD9 /* HTMLFiles */ = {
			isa = PBXGroup;
			children = (
				FA9252C81ED59F7D009FDAD9 /* raport.html */,
				FA9252C91ED59F7D009FDAD9 /* single_item.html */,
			);
			name = HTMLFiles;
			sourceTree = "<group>";
		};
		FAC653A41E9E22E90038E2B4 /* Models */ = {
			isa = PBXGroup;
			children = (
				FA0E026A1E978D4000526012 /* Beacon.swift */,
				FAC653AB1E9E23C90038E2B4 /* Trip.swift */,
				FAC653AD1E9E23DD0038E2B4 /* Location.swift */,
				FA81732E1EAE131D00894338 /* Pin.swift */,
			);
			name = Models;
			sourceTree = "<group>";
		};
		FAC653A51E9E22FB0038E2B4 /* CustomViews */ = {
			isa = PBXGroup;
			children = (
				FA5CBB1B1E93AE2700A952B8 /* CustomView.swift */,
				FAF266901EC4AA8C005D3D64 /* CustomColorIcon.swift */,
				FA0E026E1E97E57400526012 /* CustomIconColorButton.swift */,
				FA5CBB131E9385F300A952B8 /* RoundImageView.swift */,
				FA190A7D1EA7683B009B32A8 /* TripTableViewCell.swift */,
				FAF266941EC4B735005D3D64 /* CarTableViewCell.swift */,
			);
			name = CustomViews;
			sourceTree = "<group>";
		};
		FAC653A61E9E23340038E2B4 /* Utils */ = {
			isa = PBXGroup;
			children = (
				FA5CBB151E93921F00A952B8 /* Extensions.swift */,
				FAE6338A1E80325500C3D424 /* Utils.swift */,
				FAE38F521EC5F3B4003E531A /* ReportComposer.swift */,
				FAE38F541EC5F3CC003E531A /* CustomPrintPageRenderer.swift */,
				FA5CBB191E93A17E00A952B8 /* MyColors.swift */,
			);
			name = Utils;
			sourceTree = "<group>";
		};
		FAC653AF1E9E25EB0038E2B4 /* ParentViewControllers */ = {
			isa = PBXGroup;
			children = (
				FA5CBB111E92948F00A952B8 /* FormViewController.swift */,
			);
			name = ParentViewControllers;
			sourceTree = "<group>";
		};
		FAE330F61DF00B7C00B96809 = {
			isa = PBXGroup;
			children = (
				FAE331011DF00B7D00B96809 /* MileageTracker */,
				FAE331001DF00B7D00B96809 /* Products */,
				FA5CC5981DFFEAE90058F640 /* Frameworks */,
				80EEAB89AAE4013E2A020FBA /* Pods */,
			);
			sourceTree = "<group>";
		};
		FAE331001DF00B7D00B96809 /* Products */ = {
			isa = PBXGroup;
			children = (
				FAE330FF1DF00B7D00B96809 /* MileageTracker.app */,
			);
			name = Products;
			sourceTree = "<group>";
		};
		FAE331011DF00B7D00B96809 /* MileageTracker */ = {
			isa = PBXGroup;
			children = (
				FA9252C71ED59F64009FDAD9 /* HTMLFiles */,
				FAC653A61E9E23340038E2B4 /* Utils */,
				FAC653A51E9E22FB0038E2B4 /* CustomViews */,
				FAC653A41E9E22E90038E2B4 /* Models */,
				FAFE09431E705B6000C285FF /* MileageTracker.entitlements */,
				FAE3310E1DF00B7D00B96809 /* Info.plist */,
				FAE331021DF00B7D00B96809 /* AppDelegate.swift */,
				FAD28F9B1E716EDE0010E86D /* LocationManager.swift */,
				FAE331091DF00B7D00B96809 /* Assets.xcassets */,
				FAE3310B1DF00B7D00B96809 /* LaunchScreen.storyboard */,
				FAE331061DF00B7D00B96809 /* Main.storyboard */,
				FA4CB9C01E93C73D00287AB5 /* ViewControllers */,
			);
			path = MileageTracker;
			sourceTree = "<group>";
		};
/* End PBXGroup section */

/* Begin PBXNativeTarget section */
		FAE330FE1DF00B7C00B96809 /* MileageTracker */ = {
			isa = PBXNativeTarget;
			buildConfigurationList = FAE331111DF00B7D00B96809 /* Build configuration list for PBXNativeTarget "MileageTracker" */;
			buildPhases = (
				2CB1322CD35C2BCC9FDD2A65 /* [CP] Check Pods Manifest.lock */,
				FAE330FB1DF00B7C00B96809 /* Sources */,
				FAE330FC1DF00B7C00B96809 /* Frameworks */,
				FAE330FD1DF00B7C00B96809 /* Resources */,
				8C79C7735550108C8CB3442A /* [CP] Embed Pods Frameworks */,
				4545D30B410293CC494D48DE /* [CP] Copy Pods Resources */,
				FA190A7F1EA798EB009B32A8 /* ShellScript */,
			);
			buildRules = (
			);
			dependencies = (
			);
			name = MileageTracker;
			productName = MileageTracker;
			productReference = FAE330FF1DF00B7D00B96809 /* MileageTracker.app */;
			productType = "com.apple.product-type.application";
		};
/* End PBXNativeTarget section */

/* Begin PBXProject section */
		FAE330F71DF00B7C00B96809 /* Project object */ = {
			isa = PBXProject;
			attributes = {
				LastSwiftUpdateCheck = 0810;
				LastUpgradeCheck = 0820;
				ORGANIZATIONNAME = "Vlad Alexandru";
				TargetAttributes = {
					FAE330FE1DF00B7C00B96809 = {
						CreatedOnToolsVersion = 8.1;
						DevelopmentTeam = CL9YRV2CK8;
						ProvisioningStyle = Automatic;
						SystemCapabilities = {
							com.apple.BackgroundModes = {
								enabled = 1;
							};
							com.apple.Maps.iOS = {
								enabled = 0;
							};
							com.apple.Push = {
								enabled = 1;
							};
						};
					};
				};
			};
			buildConfigurationList = FAE330FA1DF00B7C00B96809 /* Build configuration list for PBXProject "MileageTracker" */;
			compatibilityVersion = "Xcode 3.2";
			developmentRegion = English;
			hasScannedForEncodings = 0;
			knownRegions = (
				en,
				Base,
			);
			mainGroup = FAE330F61DF00B7C00B96809;
			productRefGroup = FAE331001DF00B7D00B96809 /* Products */;
			projectDirPath = "";
			projectRoot = "";
			targets = (
				FAE330FE1DF00B7C00B96809 /* MileageTracker */,
			);
		};
/* End PBXProject section */

/* Begin PBXResourcesBuildPhase section */
		FAE330FD1DF00B7C00B96809 /* Resources */ = {
			isa = PBXResourcesBuildPhase;
			buildActionMask = 2147483647;
			files = (
				FAE3310D1DF00B7D00B96809 /* LaunchScreen.storyboard in Resources */,
				FAE3310A1DF00B7D00B96809 /* Assets.xcassets in Resources */,
				FA9252CA1ED59F7D009FDAD9 /* raport.html in Resources */,
				FAE331081DF00B7D00B96809 /* Main.storyboard in Resources */,
				FA9252CB1ED59F7D009FDAD9 /* single_item.html in Resources */,
			);
			runOnlyForDeploymentPostprocessing = 0;
		};
/* End PBXResourcesBuildPhase section */

/* Begin PBXShellScriptBuildPhase section */
		2CB1322CD35C2BCC9FDD2A65 /* [CP] Check Pods Manifest.lock */ = {
			isa = PBXShellScriptBuildPhase;
			buildActionMask = 2147483647;
			files = (
			);
			inputPaths = (
			);
			name = "[CP] Check Pods Manifest.lock";
			outputPaths = (
			);
			runOnlyForDeploymentPostprocessing = 0;
			shellPath = /bin/sh;
			shellScript = "diff \"${PODS_ROOT}/../Podfile.lock\" \"${PODS_ROOT}/Manifest.lock\" > /dev/null\nif [ $? != 0 ] ; then\n    # print error to STDERR\n    echo \"error: The sandbox is not in sync with the Podfile.lock. Run 'pod install' or update your CocoaPods installation.\" >&2\n    exit 1\nfi\n";
			showEnvVarsInLog = 0;
		};
		4545D30B410293CC494D48DE /* [CP] Copy Pods Resources */ = {
			isa = PBXShellScriptBuildPhase;
			buildActionMask = 2147483647;
			files = (
			);
			inputPaths = (
			);
			name = "[CP] Copy Pods Resources";
			outputPaths = (
			);
			runOnlyForDeploymentPostprocessing = 0;
			shellPath = /bin/sh;
			shellScript = "\"${SRCROOT}/Pods/Target Support Files/Pods-MileageTracker/Pods-MileageTracker-resources.sh\"\n";
			showEnvVarsInLog = 0;
		};
		8C79C7735550108C8CB3442A /* [CP] Embed Pods Frameworks */ = {
			isa = PBXShellScriptBuildPhase;
			buildActionMask = 2147483647;
			files = (
			);
			inputPaths = (
			);
			name = "[CP] Embed Pods Frameworks";
			outputPaths = (
			);
			runOnlyForDeploymentPostprocessing = 0;
			shellPath = /bin/sh;
			shellScript = "\"${SRCROOT}/Pods/Target Support Files/Pods-MileageTracker/Pods-MileageTracker-frameworks.sh\"\n";
			showEnvVarsInLog = 0;
		};
		FA190A7F1EA798EB009B32A8 /* ShellScript */ = {
			isa = PBXShellScriptBuildPhase;
			buildActionMask = 2147483647;
			files = (
			);
			inputPaths = (
			);
			outputPaths = (
			);
			runOnlyForDeploymentPostprocessing = 0;
			shellPath = /bin/sh;
			shellScript = "\"${PODS_ROOT}/Fabric/run\" 3703c828d3d96ec9bd6f75e0445f184be9c0271e ae4943d7f9746f483fd840e63a43fe88661594ae53099167da9babefa4ff71c7";
		};
/* End PBXShellScriptBuildPhase section */

/* Begin PBXSourcesBuildPhase section */
		FAE330FB1DF00B7C00B96809 /* Sources */ = {
			isa = PBXSourcesBuildPhase;
			buildActionMask = 2147483647;
			files = (
				FA5CBB181E93935300A952B8 /* LoginViewController.swift in Sources */,
				FA81732F1EAE131D00894338 /* Pin.swift in Sources */,
				FAE331051DF00B7D00B96809 /* LocationViewController.swift in Sources */,
				FA0E02731E9BD79000526012 /* ProfileViewController.swift in Sources */,
				FA8173311EAE19FC00894338 /* TripDetailsViewController.swift in Sources */,
				FA0E026F1E97E57400526012 /* CustomIconColorButton.swift in Sources */,
				FAF266971EC5A4C5005D3D64 /* MonthsViewController.swift in Sources */,
				FA5CBB121E92948F00A952B8 /* FormViewController.swift in Sources */,
				FAF9919E1E964115004B17DF /* AddBeaconViewController.swift in Sources */,
				FA5CBB1E1E93BD4C00A952B8 /* ForgotPassswordController.swift in Sources */,
				FAF266931EC4AC68005D3D64 /* ReportCarsViewController.swift in Sources */,
				FAE38F531EC5F3B4003E531A /* ReportComposer.swift in Sources */,
				FA5CBB1C1E93AE2700A952B8 /* CustomView.swift in Sources */,
				FA5CBB1A1E93A17E00A952B8 /* MyColors.swift in Sources */,
				FAC962381E9132F90059DE1E /* SignUpViewController.swift in Sources */,
				FA0E026D1E97D35A00526012 /* CalendarViewController.swift in Sources */,
				FAC653AE1E9E23DD0038E2B4 /* Location.swift in Sources */,
				FAC653AC1E9E23C90038E2B4 /* Trip.swift in Sources */,
				FAD28F9C1E716EDE0010E86D /* LocationManager.swift in Sources */,
				FA5CBB141E9385F400A952B8 /* RoundImageView.swift in Sources */,
				FAE38F551EC5F3CC003E531A /* CustomPrintPageRenderer.swift in Sources */,
				FACC3AF01EC5F14E00C407B0 /* ReportPreviewViewController.swift in Sources */,
				FA190A7E1EA7683B009B32A8 /* TripTableViewCell.swift in Sources */,
				FAE6338B1E80325500C3D424 /* Utils.swift in Sources */,
				FAF266911EC4AA8C005D3D64 /* CustomColorIcon.swift in Sources */,
				FAF2668F1EC44D03005D3D64 /* ChartViewController.swift in Sources */,
				FAF266951EC4B735005D3D64 /* CarTableViewCell.swift in Sources */,
				FA0E026B1E978D4100526012 /* Beacon.swift in Sources */,
				FAC653B11EA644B60038E2B4 /* TripsListViewController.swift in Sources */,
				FAE95A971EAF66FA0016FECE /* EditOrAddBeaconViewController.swift in Sources */,
				FA5CBB161E93921F00A952B8 /* Extensions.swift in Sources */,
				FAE331031DF00B7D00B96809 /* AppDelegate.swift in Sources */,
			);
			runOnlyForDeploymentPostprocessing = 0;
		};
/* End PBXSourcesBuildPhase section */

/* Begin PBXVariantGroup section */
		FAE331061DF00B7D00B96809 /* Main.storyboard */ = {
			isa = PBXVariantGroup;
			children = (
				FAE331071DF00B7D00B96809 /* Base */,
			);
			name = Main.storyboard;
			sourceTree = "<group>";
		};
		FAE3310B1DF00B7D00B96809 /* LaunchScreen.storyboard */ = {
			isa = PBXVariantGroup;
			children = (
				FAE3310C1DF00B7D00B96809 /* Base */,
			);
			name = LaunchScreen.storyboard;
			sourceTree = "<group>";
		};
/* End PBXVariantGroup section */

/* Begin XCBuildConfiguration section */
		FAE3310F1DF00B7D00B96809 /* Debug */ = {
			isa = XCBuildConfiguration;
			buildSettings = {
				ALWAYS_SEARCH_USER_PATHS = NO;
				CLANG_ANALYZER_NONNULL = YES;
				CLANG_CXX_LANGUAGE_STANDARD = "gnu++0x";
				CLANG_CXX_LIBRARY = "libc++";
				CLANG_ENABLE_MODULES = YES;
				CLANG_ENABLE_OBJC_ARC = YES;
				CLANG_WARN_BOOL_CONVERSION = YES;
				CLANG_WARN_CONSTANT_CONVERSION = YES;
				CLANG_WARN_DIRECT_OBJC_ISA_USAGE = YES_ERROR;
				CLANG_WARN_DOCUMENTATION_COMMENTS = YES;
				CLANG_WARN_EMPTY_BODY = YES;
				CLANG_WARN_ENUM_CONVERSION = YES;
				CLANG_WARN_INFINITE_RECURSION = YES;
				CLANG_WARN_INT_CONVERSION = YES;
				CLANG_WARN_OBJC_ROOT_CLASS = YES_ERROR;
				CLANG_WARN_SUSPICIOUS_MOVE = YES;
				CLANG_WARN_SUSPICIOUS_MOVES = YES;
				CLANG_WARN_UNREACHABLE_CODE = YES;
				CLANG_WARN__DUPLICATE_METHOD_MATCH = YES;
				"CODE_SIGN_IDENTITY[sdk=iphoneos*]" = "iPhone Developer";
				COPY_PHASE_STRIP = NO;
				DEBUG_INFORMATION_FORMAT = dwarf;
				ENABLE_STRICT_OBJC_MSGSEND = YES;
				ENABLE_TESTABILITY = YES;
				GCC_C_LANGUAGE_STANDARD = gnu99;
				GCC_DYNAMIC_NO_PIC = NO;
				GCC_NO_COMMON_BLOCKS = YES;
				GCC_OPTIMIZATION_LEVEL = 0;
				GCC_PREPROCESSOR_DEFINITIONS = (
					"DEBUG=1",
					"$(inherited)",
				);
				GCC_WARN_64_TO_32_BIT_CONVERSION = YES;
				GCC_WARN_ABOUT_RETURN_TYPE = YES_ERROR;
				GCC_WARN_UNDECLARED_SELECTOR = YES;
				GCC_WARN_UNINITIALIZED_AUTOS = YES_AGGRESSIVE;
				GCC_WARN_UNUSED_FUNCTION = YES;
				GCC_WARN_UNUSED_VARIABLE = YES;
				IPHONEOS_DEPLOYMENT_TARGET = 10.1;
				MTL_ENABLE_DEBUG_INFO = YES;
				ONLY_ACTIVE_ARCH = YES;
				SDKROOT = iphoneos;
				SWIFT_ACTIVE_COMPILATION_CONDITIONS = DEBUG;
				SWIFT_OPTIMIZATION_LEVEL = "-Onone";
				TARGETED_DEVICE_FAMILY = "1,2";
			};
			name = Debug;
		};
		FAE331101DF00B7D00B96809 /* Release */ = {
			isa = XCBuildConfiguration;
			buildSettings = {
				ALWAYS_SEARCH_USER_PATHS = NO;
				CLANG_ANALYZER_NONNULL = YES;
				CLANG_CXX_LANGUAGE_STANDARD = "gnu++0x";
				CLANG_CXX_LIBRARY = "libc++";
				CLANG_ENABLE_MODULES = YES;
				CLANG_ENABLE_OBJC_ARC = YES;
				CLANG_WARN_BOOL_CONVERSION = YES;
				CLANG_WARN_CONSTANT_CONVERSION = YES;
				CLANG_WARN_DIRECT_OBJC_ISA_USAGE = YES_ERROR;
				CLANG_WARN_DOCUMENTATION_COMMENTS = YES;
				CLANG_WARN_EMPTY_BODY = YES;
				CLANG_WARN_ENUM_CONVERSION = YES;
				CLANG_WARN_INFINITE_RECURSION = YES;
				CLANG_WARN_INT_CONVERSION = YES;
				CLANG_WARN_OBJC_ROOT_CLASS = YES_ERROR;
				CLANG_WARN_SUSPICIOUS_MOVE = YES;
				CLANG_WARN_SUSPICIOUS_MOVES = YES;
				CLANG_WARN_UNREACHABLE_CODE = YES;
				CLANG_WARN__DUPLICATE_METHOD_MATCH = YES;
				"CODE_SIGN_IDENTITY[sdk=iphoneos*]" = "iPhone Developer";
				COPY_PHASE_STRIP = NO;
				DEBUG_INFORMATION_FORMAT = "dwarf-with-dsym";
				ENABLE_NS_ASSERTIONS = NO;
				ENABLE_STRICT_OBJC_MSGSEND = YES;
				GCC_C_LANGUAGE_STANDARD = gnu99;
				GCC_NO_COMMON_BLOCKS = YES;
				GCC_WARN_64_TO_32_BIT_CONVERSION = YES;
				GCC_WARN_ABOUT_RETURN_TYPE = YES_ERROR;
				GCC_WARN_UNDECLARED_SELECTOR = YES;
				GCC_WARN_UNINITIALIZED_AUTOS = YES_AGGRESSIVE;
				GCC_WARN_UNUSED_FUNCTION = YES;
				GCC_WARN_UNUSED_VARIABLE = YES;
				IPHONEOS_DEPLOYMENT_TARGET = 10.1;
				MTL_ENABLE_DEBUG_INFO = NO;
				SDKROOT = iphoneos;
				SWIFT_OPTIMIZATION_LEVEL = "-Owholemodule";
				TARGETED_DEVICE_FAMILY = "1,2";
				VALIDATE_PRODUCT = YES;
			};
			name = Release;
		};
		FAE331121DF00B7D00B96809 /* Debug */ = {
			isa = XCBuildConfiguration;
			baseConfigurationReference = 6FCDC874464D3CFB74488F69 /* Pods-MileageTracker.debug.xcconfig */;
			buildSettings = {
				ASSETCATALOG_COMPILER_APPICON_NAME = AppIcon;
				CODE_SIGN_ENTITLEMENTS = MileageTracker/MileageTracker.entitlements;
				DEVELOPMENT_TEAM = CL9YRV2CK8;
				FRAMEWORK_SEARCH_PATHS = (
					"$(inherited)",
					"$(PROJECT_DIR)",
				);
				INFOPLIST_FILE = MileageTracker/Info.plist;
				IPHONEOS_DEPLOYMENT_TARGET = 10.0;
				LD_RUNPATH_SEARCH_PATHS = "$(inherited) @executable_path/Frameworks";
				PRODUCT_BUNDLE_IDENTIFIER = ab4.MileageTracker;
				PRODUCT_NAME = "$(TARGET_NAME)";
				SWIFT_VERSION = 3.0;
			};
			name = Debug;
		};
		FAE331131DF00B7D00B96809 /* Release */ = {
			isa = XCBuildConfiguration;
			baseConfigurationReference = 63BF0C382AF7A05861904F84 /* Pods-MileageTracker.release.xcconfig */;
			buildSettings = {
				ASSETCATALOG_COMPILER_APPICON_NAME = AppIcon;
				CODE_SIGN_ENTITLEMENTS = MileageTracker/MileageTracker.entitlements;
				DEVELOPMENT_TEAM = CL9YRV2CK8;
				FRAMEWORK_SEARCH_PATHS = (
					"$(inherited)",
					"$(PROJECT_DIR)",
				);
				INFOPLIST_FILE = MileageTracker/Info.plist;
				IPHONEOS_DEPLOYMENT_TARGET = 10.0;
				LD_RUNPATH_SEARCH_PATHS = "$(inherited) @executable_path/Frameworks";
				PRODUCT_BUNDLE_IDENTIFIER = ab4.MileageTracker;
				PRODUCT_NAME = "$(TARGET_NAME)";
				SWIFT_VERSION = 3.0;
			};
			name = Release;
		};
/* End XCBuildConfiguration section */

/* Begin XCConfigurationList section */
		FAE330FA1DF00B7C00B96809 /* Build configuration list for PBXProject "MileageTracker" */ = {
			isa = XCConfigurationList;
			buildConfigurations = (
				FAE3310F1DF00B7D00B96809 /* Debug */,
				FAE331101DF00B7D00B96809 /* Release */,
			);
			defaultConfigurationIsVisible = 0;
			defaultConfigurationName = Release;
		};
		FAE331111DF00B7D00B96809 /* Build configuration list for PBXNativeTarget "MileageTracker" */ = {
			isa = XCConfigurationList;
			buildConfigurations = (
				FAE331121DF00B7D00B96809 /* Debug */,
				FAE331131DF00B7D00B96809 /* Release */,
			);
			defaultConfigurationIsVisible = 0;
			defaultConfigurationName = Release;
		};
/* End XCConfigurationList section */
	};
	rootObject = FAE330F71DF00B7C00B96809 /* Project object */;
}
